<Solution>
  <Configurations>
    <BuildType Name="Debug" />
    <BuildType Name="Publish" />
    <BuildType Name="Release" />
  </Configurations>
  <Folder Name="/src/">
    <Project Path="src/Microsoft.Agents.AI.DurableTask/Microsoft.Agents.AI.DurableTask.csproj" />
    <Project Path="src/Microsoft.Agents.AI.Hosting.AzureFunctions/Microsoft.Agents.AI.Hosting.AzureFunctions.csproj" />
  </Folder>
  <Folder Name="/tests/">
    <Project Path="tests/Microsoft.Agents.AI.DurableTask.UnitTests/Microsoft.Agents.AI.DurableTask.UnitTests.csproj" />
    <Project Path="tests/Microsoft.Agents.AI.DurableTask.IntegrationTests/Microsoft.Agents.AI.DurableTask.IntegrationTests.csproj" />
    <Project Path="tests/Microsoft.Agents.AI.Hosting.AzureFunctions.UnitTests/Microsoft.Agents.AI.Hosting.AzureFunctions.UnitTests.csproj" />
    <Project Path="tests/Microsoft.Agents.AI.Hosting.AzureFunctions.IntegrationTests/Microsoft.Agents.AI.Hosting.AzureFunctions.IntegrationTests.csproj" />
  </Folder>
  <Folder Name="/samples/DurableAgents/ConsoleApps/">
    <Project Path="samples/DurableAgents/ConsoleApps/01_SingleAgent/01_SingleAgent.csproj" />
    <Project Path="samples/DurableAgents/ConsoleApps/02_AgentOrchestration_Chaining/02_AgentOrchestration_Chaining.csproj" />
    <Project Path="samples/DurableAgents/ConsoleApps/03_AgentOrchestration_Concurrency/03_AgentOrchestration_Concurrency.csproj" />
    <Project Path="samples/DurableAgents/ConsoleApps/04_AgentOrchestration_Conditionals/04_AgentOrchestration_Conditionals.csproj" />
    <Project Path="samples/DurableAgents/ConsoleApps/05_AgentOrchestration_HITL/05_AgentOrchestration_HITL.csproj" />
    <Project Path="samples/DurableAgents/ConsoleApps/06_LongRunningTools/06_LongRunningTools.csproj" />
    <Project Path="samples/DurableAgents/ConsoleApps/07_ReliableStreaming/07_ReliableStreaming.csproj" />
    <Project Path="samples/DurableAgents/ConsoleApps/08_FoundryManagedAgent/08_FoundryManagedAgent.csproj" />
    <Project Path="samples/DurableAgents/ConsoleApps/09_CustomHistoryProvider/09_CustomHistoryProvider.csproj" />
    <Project Path="samples/DurableAgents/ConsoleApps/09_CustomHistoryProvider/tests/09_CustomHistoryProvider.Tests.csproj" />
  </Folder>
  <Folder Name="/samples/DurableAgents/AzureFunctions/">
    <Project Path="samples/DurableAgents/AzureFunctions/01_SingleAgent/01_SingleAgent.csproj" />
    <Project Path="samples/DurableAgents/AzureFunctions/02_AgentOrchestration_Chaining/02_AgentOrchestration_Chaining.csproj" />
    <Project Path="samples/DurableAgents/AzureFunctions/03_AgentOrchestration_Concurrency/03_AgentOrchestration_Concurrency.csproj" />
    <Project Path="samples/DurableAgents/AzureFunctions/04_AgentOrchestration_Conditionals/04_AgentOrchestration_Conditionals.csproj" />
    <Project Path="samples/DurableAgents/AzureFunctions/05_AgentOrchestration_HITL/05_AgentOrchestration_HITL.csproj" />
    <Project Path="samples/DurableAgents/AzureFunctions/06_LongRunningTools/06_LongRunningTools.csproj" />
    <Project Path="samples/DurableAgents/AzureFunctions/07_AgentAsMcpTool/07_AgentAsMcpTool.csproj" />
    <Project Path="samples/DurableAgents/AzureFunctions/08_ReliableStreaming/08_ReliableStreaming.csproj" />
  </Folder>
  <Folder Name="/samples/DurableWorkflows/ConsoleApps/">
    <Project Path="samples/DurableWorkflows/ConsoleApps/01_SequentialWorkflow/01_SequentialWorkflow.csproj" />
    <Project Path="samples/DurableWorkflows/ConsoleApps/02_ConcurrentWorkflow/02_ConcurrentWorkflow.csproj" />
    <Project Path="samples/DurableWorkflows/ConsoleApps/03_ConditionalEdges/03_ConditionalEdges.csproj" />
    <Project Path="samples/DurableWorkflows/ConsoleApps/04_WorkflowAndAgents/04_WorkflowAndAgents.csproj" />
    <Project Path="samples/DurableWorkflows/ConsoleApps/05_WorkflowEvents/05_WorkflowEvents.csproj" />
    <Project Path="samples/DurableWorkflows/ConsoleApps/06_WorkflowSharedState/06_WorkflowSharedState.csproj" />
    <Project Path="samples/DurableWorkflows/ConsoleApps/07_SubWorkflows/07_SubWorkflows.csproj" />
    <Project Path="samples/DurableWorkflows/ConsoleApps/08_WorkflowHITL/08_WorkflowHITL.csproj" />
    <Project Path="samples/DurableWorkflows/ConsoleApps/09_SwitchRouting/09_SwitchRouting.csproj" />
  </Folder>
  <Folder Name="/samples/DurableWorkflows/AzureFunctions/">
    <Project Path="samples/DurableWorkflows/AzureFunctions/01_SequentialWorkflow/01_SequentialWorkflow.csproj" />
    <Project Path="samples/DurableWorkflows/AzureFunctions/02_ConcurrentWorkflow/02_ConcurrentWorkflow.csproj" />
    <Project Path="samples/DurableWorkflows/AzureFunctions/03_WorkflowHITL/03_WorkflowHITL.csproj" />
    <Project Path="samples/DurableWorkflows/AzureFunctions/04_WorkflowMcpTool/04_WorkflowMcpTool.csproj" />
    <Project Path="samples/DurableWorkflows/AzureFunctions/05_WorkflowAndAgents/05_WorkflowAndAgents.csproj" />
  </Folder>
</Solution>
